
Microsoft Visual Studio Solution File, Format Version 12.00
# Visual Studio Version 17
VisualStudioVersion = 17.8.34601.278
MinimumVisualStudioVersion = 10.0.40219.1
Project("{9A19103F-16F7-4668-BE54-9A1E7A4F7556}") = "Backend.Interview.Api", "Backend.Interview.Api\Backend.Interview.Api.csproj", "{DDE38C96-5CA8-4CCC-BE1B-FD3D3CC3C002}"
EndProject
Project("{FAE04EC0-301F-11D3-BF4B-00C04F79EFBC}") = "Backend.Interview.Api.UnitTest", "Backend.Interview.Api.UnitTest\Backend.Interview.Api.UnitTest.csproj", "{9C724B67-87D1-4C82-BF4F-0FA5F1787513}"
EndProject
Global
	GlobalSection(SolutionConfigurationPlatforms) = preSolution
		Debug|Any CPU = Debug|Any CPU
		Release|Any CPU = Release|Any CPU
	EndGlobalSection
	GlobalSection(ProjectConfigurationPlatforms) = postSolution
		{DDE38C96-5CA8-4CCC-BE1B-FD3D3CC3C002}.Debug|Any CPU.ActiveCfg = Debug|Any CPU
		{DDE38C96-5CA8-4CCC-BE1B-FD3D3CC3C002}.Debug|Any CPU.Build.0 = Debug|Any CPU
		{DDE38C96-5CA8-4CCC-BE1B-FD3D3CC3C002}.Release|Any CPU.ActiveCfg = Release|Any CPU
		{DDE38C96-5CA8-4CCC-BE1B-FD3D3CC3C002}.Release|Any CPU.Build.0 = Release|Any CPU
		{9C724B67-87D1-4C82-BF4F-0FA5F1787513}.Debug|Any CPU.ActiveCfg = Debug|Any CPU
		{9C724B67-87D1-4C82-BF4F-0FA5F1787513}.Debug|Any CPU.Build.0 = Debug|Any CPU
		{9C724B67-87D1-4C82-BF4F-0FA5F1787513}.Release|Any CPU.ActiveCfg = Release|Any CPU
		{9C724B67-87D1-4C82-BF4F-0FA5F1787513}.Release|Any CPU.Build.0 = Release|Any CPU
	EndGlobalSection
	GlobalSection(SolutionProperties) = preSolution
		HideSolutionNode = FALSE
	EndGlobalSection
	GlobalSection(ExtensibilityGlobals) = postSolution
		SolutionGuid = {A11F0763-F359-42A6-9B8E-5E8BDE3271F3}
	EndGlobalSection
EndGlobal
